
Microsoft Visual Studio Solution File, Format Version 12.00
# Visual Studio Version 17
VisualStudioVersion = 17.0.31903.59
MinimumVisualStudioVersion = 10.0.40219.1
Project("{FAE04EC0-301F-11D3-BF4B-00C04F79EFBC}") = "API", "API\API.csproj", "{2BDDC045-91E1-4D8C-8EAB-B64920330F77}"
EndProject
Project("{FAE04EC0-301F-11D3-BF4B-00C04F79EFBC}") = "Application", "Application\Application.csproj", "{5F202536-A269-4B46-97A3-6585DBD97C70}"
EndProject
Project("{FAE04EC0-301F-11D3-BF4B-00C04F79EFBC}") = "Domain", "Domain\Domain.csproj", "{9CEA96E3-3020-4998-916A-552FF152B608}"
EndProject
Project("{FAE04EC0-301F-11D3-BF4B-00C04F79EFBC}") = "Persistence", "Persistence\Persistence.csproj", "{8B53EC30-9B58-4C0E-AC2F-0FEBD6AC6843}"
EndProject
Global
	GlobalSection(SolutionConfigurationPlatforms) = preSolution
		Debug|Any CPU = Debug|Any CPU
		Release|Any CPU = Release|Any CPU
	EndGlobalSection
	GlobalSection(SolutionProperties) = preSolution
		HideSolutionNode = FALSE
	EndGlobalSection
	GlobalSection(ProjectConfigurationPlatforms) = postSolution
		{2BDDC045-91E1-4D8C-8EAB-B64920330F77}.Debug|Any CPU.ActiveCfg = Debug|Any CPU
		{2BDDC045-91E1-4D8C-8EAB-B64920330F77}.Debug|Any CPU.Build.0 = Debug|Any CPU
		{2BDDC045-91E1-4D8C-8EAB-B64920330F77}.Release|Any CPU.ActiveCfg = Release|Any CPU
		{2BDDC045-91E1-4D8C-8EAB-B64920330F77}.Release|Any CPU.Build.0 = Release|Any CPU
		{5F202536-A269-4B46-97A3-6585DBD97C70}.Debug|Any CPU.ActiveCfg = Debug|Any CPU
		{5F202536-A269-4B46-97A3-6585DBD97C70}.Debug|Any CPU.Build.0 = Debug|Any CPU
		{5F202536-A269-4B46-97A3-6585DBD97C70}.Release|Any CPU.ActiveCfg = Release|Any CPU
		{5F202536-A269-4B46-97A3-6585DBD97C70}.Release|Any CPU.Build.0 = Release|Any CPU
		{9CEA96E3-3020-4998-916A-552FF152B608}.Debug|Any CPU.ActiveCfg = Debug|Any CPU
		{9CEA96E3-3020-4998-916A-552FF152B608}.Debug|Any CPU.Build.0 = Debug|Any CPU
		{9CEA96E3-3020-4998-916A-552FF152B608}.Release|Any CPU.ActiveCfg = Release|Any CPU
		{9CEA96E3-3020-4998-916A-552FF152B608}.Release|Any CPU.Build.0 = Release|Any CPU
		{8B53EC30-9B58-4C0E-AC2F-0FEBD6AC6843}.Debug|Any CPU.ActiveCfg = Debug|Any CPU
		{8B53EC30-9B58-4C0E-AC2F-0FEBD6AC6843}.Debug|Any CPU.Build.0 = Debug|Any CPU
		{8B53EC30-9B58-4C0E-AC2F-0FEBD6AC6843}.Release|Any CPU.ActiveCfg = Release|Any CPU
		{8B53EC30-9B58-4C0E-AC2F-0FEBD6AC6843}.Release|Any CPU.Build.0 = Release|Any CPU
	EndGlobalSection
EndGlobal
